// !$*UTF8*$!
{
	archiveVersion = 1;
	classes = {
	};
	objectVersion = 50;
	objects = {

/* Begin PBXBuildFile section */
		37213B0550E9987F5B459E74 /* Pods_TestProject.framework in Frameworks */ = {isa = PBXBuildFile; fileRef = E8290027D868D62C1E1EFE18 /* Pods_TestProject.framework */; };
		859B448F21B8F56800D3FA7D /* AppDelegate.swift in Sources */ = {isa = PBXBuildFile; fileRef = 859B448E21B8F56800D3FA7D /* AppDelegate.swift */; };
		859B449121B8F56800D3FA7D /* ViewController.swift in Sources */ = {isa = PBXBuildFile; fileRef = 859B449021B8F56800D3FA7D /* ViewController.swift */; };
		859B449421B8F56800D3FA7D /* Main.storyboard in Resources */ = {isa = PBXBuildFile; fileRef = 859B449221B8F56800D3FA7D /* Main.storyboard */; };
		859B449621B8F56E00D3FA7D /* Assets.xcassets in Resources */ = {isa = PBXBuildFile; fileRef = 859B449521B8F56E00D3FA7D /* Assets.xcassets */; };
		859B449921B8F56E00D3FA7D /* LaunchScreen.storyboard in Resources */ = {isa = PBXBuildFile; fileRef = 859B449721B8F56E00D3FA7D /* LaunchScreen.storyboard */; };
		859B44A421B8F56E00D3FA7D /* TestProjectTests.swift in Sources */ = {isa = PBXBuildFile; fileRef = 859B44A321B8F56E00D3FA7D /* TestProjectTests.swift */; };
		859B44AF21B8F56E00D3FA7D /* TestProjectUITests.swift in Sources */ = {isa = PBXBuildFile; fileRef = 859B44AE21B8F56E00D3FA7D /* TestProjectUITests.swift */; };
/* End PBXBuildFile section */

/* Begin PBXContainerItemProxy section */
		859B44A021B8F56E00D3FA7D /* PBXContainerItemProxy */ = {
			isa = PBXContainerItemProxy;
			containerPortal = 859B448321B8F56800D3FA7D /* Project object */;
			proxyType = 1;
			remoteGlobalIDString = 859B448A21B8F56800D3FA7D;
			remoteInfo = TestProject;
		};
		859B44AB21B8F56E00D3FA7D /* PBXContainerItemProxy */ = {
			isa = PBXContainerItemProxy;
			containerPortal = 859B448321B8F56800D3FA7D /* Project object */;
			proxyType = 1;
			remoteGlobalIDString = 859B448A21B8F56800D3FA7D;
			remoteInfo = TestProject;
		};
/* End PBXContainerItemProxy section */

/* Begin PBXFileReference section */
		1A6EEBA0795A16DF752A79F8 /* Pods-TestProject.debug.xcconfig */ = {isa = PBXFileReference; includeInIndex = 1; lastKnownFileType = text.xcconfig; name = "Pods-TestProject.debug.xcconfig"; path = "Pods/Target Support Files/Pods-TestProject/Pods-TestProject.debug.xcconfig"; sourceTree = "<group>"; };
		859B448B21B8F56800D3FA7D /* TestProject.app */ = {isa = PBXFileReference; explicitFileType = wrapper.application; includeInIndex = 0; path = TestProject.app; sourceTree = BUILT_PRODUCTS_DIR; };
		859B448E21B8F56800D3FA7D /* AppDelegate.swift */ = {isa = PBXFileReference; lastKnownFileType = sourcecode.swift; path = AppDelegate.swift; sourceTree = "<group>"; };
		859B449021B8F56800D3FA7D /* ViewController.swift */ = {isa = PBXFileReference; lastKnownFileType = sourcecode.swift; path = ViewController.swift; sourceTree = "<group>"; };
		859B449321B8F56800D3FA7D /* Base */ = {isa = PBXFileReference; lastKnownFileType = file.storyboard; name = Base; path = Base.lproj/Main.storyboard; sourceTree = "<group>"; };
		859B449521B8F56E00D3FA7D /* Assets.xcassets */ = {isa = PBXFileReference; lastKnownFileType = folder.assetcatalog; path = Assets.xcassets; sourceTree = "<group>"; };
		859B449821B8F56E00D3FA7D /* Base */ = {isa = PBXFileReference; lastKnownFileType = file.storyboard; name = Base; path = Base.lproj/LaunchScreen.storyboard; sourceTree = "<group>"; };
		859B449A21B8F56E00D3FA7D /* Info.plist */ = {isa = PBXFileReference; lastKnownFileType = text.plist.xml; path = Info.plist; sourceTree = "<group>"; };
		859B449F21B8F56E00D3FA7D /* TestProjectTests.xctest */ = {isa = PBXFileReference; explicitFileType = wrapper.cfbundle; includeInIndex = 0; path = TestProjectTests.xctest; sourceTree = BUILT_PRODUCTS_DIR; };
		859B44A321B8F56E00D3FA7D /* TestProjectTests.swift */ = {isa = PBXFileReference; lastKnownFileType = sourcecode.swift; path = TestProjectTests.swift; sourceTree = "<group>"; };
		859B44A521B8F56E00D3FA7D /* Info.plist */ = {isa = PBXFileReference; lastKnownFileType = text.plist.xml; path = Info.plist; sourceTree = "<group>"; };
		859B44AA21B8F56E00D3FA7D /* TestProjectUITests.xctest */ = {isa = PBXFileReference; explicitFileType = wrapper.cfbundle; includeInIndex = 0; path = TestProjectUITests.xctest; sourceTree = BUILT_PRODUCTS_DIR; };
		859B44AE21B8F56E00D3FA7D /* TestProjectUITests.swift */ = {isa = PBXFileReference; lastKnownFileType = sourcecode.swift; path = TestProjectUITests.swift; sourceTree = "<group>"; };
		859B44B021B8F56E00D3FA7D /* Info.plist */ = {isa = PBXFileReference; lastKnownFileType = text.plist.xml; path = Info.plist; sourceTree = "<group>"; };
		E3BD88E6849593D1A58AC27B /* Pods-TestProject.release.xcconfig */ = {isa = PBXFileReference; includeInIndex = 1; lastKnownFileType = text.xcconfig; name = "Pods-TestProject.release.xcconfig"; path = "Pods/Target Support Files/Pods-TestProject/Pods-TestProject.release.xcconfig"; sourceTree = "<group>"; };
		E8290027D868D62C1E1EFE18 /* Pods_TestProject.framework */ = {isa = PBXFileReference; explicitFileType = wrapper.framework; includeInIndex = 0; path = Pods_TestProject.framework; sourceTree = BUILT_PRODUCTS_DIR; };
/* End PBXFileReference section */

/* Begin PBXFrameworksBuildPhase section */
		859B448821B8F56800D3FA7D /* Frameworks */ = {
			isa = PBXFrameworksBuildPhase;
			buildActionMask = 2147483647;
			files = (
				37213B0550E9987F5B459E74 /* Pods_TestProject.framework in Frameworks */,
			);
			runOnlyForDeploymentPostprocessing = 0;
		};
		859B449C21B8F56E00D3FA7D /* Frameworks */ = {
			isa = PBXFrameworksBuildPhase;
			buildActionMask = 2147483647;
			files = (
			);
			runOnlyForDeploymentPostprocessing = 0;
		};
		859B44A721B8F56E00D3FA7D /* Frameworks */ = {
			isa = PBXFrameworksBuildPhase;
			buildActionMask = 2147483647;
			files = (
			);
			runOnlyForDeploymentPostprocessing = 0;
		};
/* End PBXFrameworksBuildPhase section */

/* Begin PBXGroup section */
		15065ADFA7544716D5587E56 /* Pods */ = {
			isa = PBXGroup;
			children = (
				1A6EEBA0795A16DF752A79F8 /* Pods-TestProject.debug.xcconfig */,
				E3BD88E6849593D1A58AC27B /* Pods-TestProject.release.xcconfig */,
			);
			name = Pods;
			sourceTree = "<group>";
		};
		859B448221B8F56800D3FA7D = {
			isa = PBXGroup;
			children = (
				859B448D21B8F56800D3FA7D /* TestProject */,
				859B44A221B8F56E00D3FA7D /* TestProjectTests */,
				859B44AD21B8F56E00D3FA7D /* TestProjectUITests */,
				859B448C21B8F56800D3FA7D /* Products */,
				15065ADFA7544716D5587E56 /* Pods */,
				AAD6BC69E2DEBF8474CCD45B /* Frameworks */,
			);
			sourceTree = "<group>";
		};
		859B448C21B8F56800D3FA7D /* Products */ = {
			isa = PBXGroup;
			children = (
				859B448B21B8F56800D3FA7D /* TestProject.app */,
				859B449F21B8F56E00D3FA7D /* TestProjectTests.xctest */,
				859B44AA21B8F56E00D3FA7D /* TestProjectUITests.xctest */,
			);
			name = Products;
			sourceTree = "<group>";
		};
		859B448D21B8F56800D3FA7D /* TestProject */ = {
			isa = PBXGroup;
			children = (
				859B448E21B8F56800D3FA7D /* AppDelegate.swift */,
				859B449021B8F56800D3FA7D /* ViewController.swift */,
				859B449221B8F56800D3FA7D /* Main.storyboard */,
				859B449521B8F56E00D3FA7D /* Assets.xcassets */,
				859B449721B8F56E00D3FA7D /* LaunchScreen.storyboard */,
				859B449A21B8F56E00D3FA7D /* Info.plist */,
			);
			path = TestProject;
			sourceTree = "<group>";
		};
		859B44A221B8F56E00D3FA7D /* TestProjectTests */ = {
			isa = PBXGroup;
			children = (
				859B44A321B8F56E00D3FA7D /* TestProjectTests.swift */,
				859B44A521B8F56E00D3FA7D /* Info.plist */,
			);
			path = TestProjectTests;
			sourceTree = "<group>";
		};
		859B44AD21B8F56E00D3FA7D /* TestProjectUITests */ = {
			isa = PBXGroup;
			children = (
				859B44AE21B8F56E00D3FA7D /* TestProjectUITests.swift */,
				859B44B021B8F56E00D3FA7D /* Info.plist */,
			);
			path = TestProjectUITests;
			sourceTree = "<group>";
		};
		AAD6BC69E2DEBF8474CCD45B /* Frameworks */ = {
			isa = PBXGroup;
			children = (
				E8290027D868D62C1E1EFE18 /* Pods_TestProject.framework */,
			);
			name = Frameworks;
			sourceTree = "<group>";
		};
/* End PBXGroup section */

/* Begin PBXNativeTarget section */
		859B448A21B8F56800D3FA7D /* TestProject */ = {
			isa = PBXNativeTarget;
			buildConfigurationList = 859B44B321B8F56E00D3FA7D /* Build configuration list for PBXNativeTarget "TestProject" */;
			buildPhases = (
				90ADEE638818EAE51A1DDBA9 /* [CP] Check Pods Manifest.lock */,
				859B448721B8F56800D3FA7D /* Sources */,
				859B448821B8F56800D3FA7D /* Frameworks */,
				859B448921B8F56800D3FA7D /* Resources */,
				0756575822D68E948E29435A /* [CP] Embed Pods Frameworks */,
				3AF9A4EB602A248A58C31681 /* [CP] Copy Pods Resources */,
			);
			buildRules = (
			);
			dependencies = (
			);
			name = TestProject;
			productName = TestProject;
			productReference = 859B448B21B8F56800D3FA7D /* TestProject.app */;
			productType = "com.apple.product-type.application";
		};
		859B449E21B8F56E00D3FA7D /* TestProjectTests */ = {
			isa = PBXNativeTarget;
			buildConfigurationList = 859B44B621B8F56E00D3FA7D /* Build configuration list for PBXNativeTarget "TestProjectTests" */;
			buildPhases = (
				859B449B21B8F56E00D3FA7D /* Sources */,
				859B449C21B8F56E00D3FA7D /* Frameworks */,
				859B449D21B8F56E00D3FA7D /* Resources */,
			);
			buildRules = (
			);
			dependencies = (
				859B44A121B8F56E00D3FA7D /* PBXTargetDependency */,
			);
			name = TestProjectTests;
			productName = TestProjectTests;
			productReference = 859B449F21B8F56E00D3FA7D /* TestProjectTests.xctest */;
			productType = "com.apple.product-type.bundle.unit-test";
		};
		859B44A921B8F56E00D3FA7D /* TestProjectUITests */ = {
			isa = PBXNativeTarget;
			buildConfigurationList = 859B44B921B8F56E00D3FA7D /* Build configuration list for PBXNativeTarget "TestProjectUITests" */;
			buildPhases = (
				859B44A621B8F56E00D3FA7D /* Sources */,
				859B44A721B8F56E00D3FA7D /* Frameworks */,
				859B44A821B8F56E00D3FA7D /* Resources */,
			);
			buildRules = (
			);
			dependencies = (
				859B44AC21B8F56E00D3FA7D /* PBXTargetDependency */,
			);
			name = TestProjectUITests;
			productName = TestProjectUITests;
			productReference = 859B44AA21B8F56E00D3FA7D /* TestProjectUITests.xctest */;
			productType = "com.apple.product-type.bundle.ui-testing";
		};
/* End PBXNativeTarget section */

/* Begin PBXProject section */
		859B448321B8F56800D3FA7D /* Project object */ = {
			isa = PBXProject;
			attributes = {
				LastSwiftUpdateCheck = 1000;
				LastUpgradeCheck = 1000;
				ORGANIZATIONNAME = "Harsha K";
				TargetAttributes = {
					859B448A21B8F56800D3FA7D = {
						CreatedOnToolsVersion = 10.0;
					};
					859B449E21B8F56E00D3FA7D = {
						CreatedOnToolsVersion = 10.0;
						TestTargetID = 859B448A21B8F56800D3FA7D;
					};
					859B44A921B8F56E00D3FA7D = {
						CreatedOnToolsVersion = 10.0;
						TestTargetID = 859B448A21B8F56800D3FA7D;
					};
				};
			};
			buildConfigurationList = 859B448621B8F56800D3FA7D /* Build configuration list for PBXProject "TestProject" */;
			compatibilityVersion = "Xcode 9.3";
			developmentRegion = en;
			hasScannedForEncodings = 0;
			knownRegions = (
				en,
				Base,
			);
			mainGroup = 859B448221B8F56800D3FA7D;
			productRefGroup = 859B448C21B8F56800D3FA7D /* Products */;
			projectDirPath = "";
			projectRoot = "";
			targets = (
				859B448A21B8F56800D3FA7D /* TestProject */,
				859B449E21B8F56E00D3FA7D /* TestProjectTests */,
				859B44A921B8F56E00D3FA7D /* TestProjectUITests */,
			);
		};
/* End PBXProject section */

/* Begin PBXResourcesBuildPhase section */
		859B448921B8F56800D3FA7D /* Resources */ = {
			isa = PBXResourcesBuildPhase;
			buildActionMask = 2147483647;
			files = (
				859B449921B8F56E00D3FA7D /* LaunchScreen.storyboard in Resources */,
				859B449621B8F56E00D3FA7D /* Assets.xcassets in Resources */,
				859B449421B8F56800D3FA7D /* Main.storyboard in Resources */,
			);
			runOnlyForDeploymentPostprocessing = 0;
		};
		859B449D21B8F56E00D3FA7D /* Resources */ = {
			isa = PBXResourcesBuildPhase;
			buildActionMask = 2147483647;
			files = (
			);
			runOnlyForDeploymentPostprocessing = 0;
		};
		859B44A821B8F56E00D3FA7D /* Resources */ = {
			isa = PBXResourcesBuildPhase;
			buildActionMask = 2147483647;
			files = (
			);
			runOnlyForDeploymentPostprocessing = 0;
		};
/* End PBXResourcesBuildPhase section */

/* Begin PBXShellScriptBuildPhase section */
		0756575822D68E948E29435A /* [CP] Embed Pods Frameworks */ = {
			isa = PBXShellScriptBuildPhase;
			buildActionMask = 2147483647;
			files = (
			);
			inputPaths = (
				"${SRCROOT}/Pods/Target Support Files/Pods-TestProject/Pods-TestProject-frameworks.sh",
				"${BUILT_PRODUCTS_DIR}/PDFGenerator/PDFGenerator.framework",
			);
			name = "[CP] Embed Pods Frameworks";
			outputPaths = (
				"${TARGET_BUILD_DIR}/${FRAMEWORKS_FOLDER_PATH}/PDFGenerator.framework",
			);
			runOnlyForDeploymentPostprocessing = 0;
			shellPath = /bin/sh;
			shellScript = "\"${SRCROOT}/Pods/Target Support Files/Pods-TestProject/Pods-TestProject-frameworks.sh\"\n";
			showEnvVarsInLog = 0;
		};
		3AF9A4EB602A248A58C31681 /* [CP] Copy Pods Resources */ = {
			isa = PBXShellScriptBuildPhase;
			buildActionMask = 2147483647;
			files = (
			);
			inputPaths = (
			);
			name = "[CP] Copy Pods Resources";
			outputPaths = (
			);
			runOnlyForDeploymentPostprocessing = 0;
			shellPath = /bin/sh;
			shellScript = "\"${SRCROOT}/Pods/Target Support Files/Pods-TestProject/Pods-TestProject-resources.sh\"\n";
			showEnvVarsInLog = 0;
		};
		90ADEE638818EAE51A1DDBA9 /* [CP] Check Pods Manifest.lock */ = {
			isa = PBXShellScriptBuildPhase;
			buildActionMask = 2147483647;
			files = (
			);
			inputPaths = (
				"${PODS_PODFILE_DIR_PATH}/Podfile.lock",
				"${PODS_ROOT}/Manifest.lock",
			);
			name = "[CP] Check Pods Manifest.lock";
			outputPaths = (
				"$(DERIVED_FILE_DIR)/Pods-TestProject-checkManifestLockResult.txt",
			);
			runOnlyForDeploymentPostprocessing = 0;
			shellPath = /bin/sh;
			shellScript = "diff \"${PODS_PODFILE_DIR_PATH}/Podfile.lock\" \"${PODS_ROOT}/Manifest.lock\" > /dev/null\nif [ $? != 0 ] ; then\n    # print error to STDERR\n    echo \"error: The sandbox is not in sync with the Podfile.lock. Run 'pod install' or update your CocoaPods installation.\" >&2\n    exit 1\nfi\n# This output is used by Xcode 'outputs' to avoid re-running this script phase.\necho \"SUCCESS\" > \"${SCRIPT_OUTPUT_FILE_0}\"\n";
			showEnvVarsInLog = 0;
		};
/* End PBXShellScriptBuildPhase section */

/* Begin PBXSourcesBuildPhase section */
		859B448721B8F56800D3FA7D /* Sources */ = {
			isa = PBXSourcesBuildPhase;
			buildActionMask = 2147483647;
			files = (
				859B449121B8F56800D3FA7D /* ViewController.swift in Sources */,
				859B448F21B8F56800D3FA7D /* AppDelegate.swift in Sources */,
			);
			runOnlyForDeploymentPostprocessing = 0;
		};
		859B449B21B8F56E00D3FA7D /* Sources */ = {
			isa = PBXSourcesBuildPhase;
			buildActionMask = 2147483647;
			files = (
				859B44A421B8F56E00D3FA7D /* TestProjectTests.swift in Sources */,
			);
			runOnlyForDeploymentPostprocessing = 0;
		};
		859B44A621B8F56E00D3FA7D /* Sources */ = {
			isa = PBXSourcesBuildPhase;
			buildActionMask = 2147483647;
			files = (
				859B44AF21B8F56E00D3FA7D /* TestProjectUITests.swift in Sources */,
			);
			runOnlyForDeploymentPostprocessing = 0;
		};
/* End PBXSourcesBuildPhase section */

/* Begin PBXTargetDependency section */
		859B44A121B8F56E00D3FA7D /* PBXTargetDependency */ = {
			isa = PBXTargetDependency;
			target = 859B448A21B8F56800D3FA7D /* TestProject */;
			targetProxy = 859B44A021B8F56E00D3FA7D /* PBXContainerItemProxy */;
		};
		859B44AC21B8F56E00D3FA7D /* PBXTargetDependency */ = {
			isa = PBXTargetDependency;
			target = 859B448A21B8F56800D3FA7D /* TestProject */;
			targetProxy = 859B44AB21B8F56E00D3FA7D /* PBXContainerItemProxy */;
		};
/* End PBXTargetDependency section */

/* Begin PBXVariantGroup section */
		859B449221B8F56800D3FA7D /* Main.storyboard */ = {
			isa = PBXVariantGroup;
			children = (
				859B449321B8F56800D3FA7D /* Base */,
			);
			name = Main.storyboard;
			sourceTree = "<group>";
		};
		859B449721B8F56E00D3FA7D /* LaunchScreen.storyboard */ = {
			isa = PBXVariantGroup;
			children = (
				859B449821B8F56E00D3FA7D /* Base */,
			);
			name = LaunchScreen.storyboard;
			sourceTree = "<group>";
		};
/* End PBXVariantGroup section */

/* Begin XCBuildConfiguration section */
		859B44B121B8F56E00D3FA7D /* Debug */ = {
			isa = XCBuildConfiguration;
			buildSettings = {
				ALWAYS_SEARCH_USER_PATHS = NO;
				CLANG_ANALYZER_NONNULL = YES;
				CLANG_ANALYZER_NUMBER_OBJECT_CONVERSION = YES_AGGRESSIVE;
				CLANG_CXX_LANGUAGE_STANDARD = "gnu++14";
				CLANG_CXX_LIBRARY = "libc++";
				CLANG_ENABLE_MODULES = YES;
				CLANG_ENABLE_OBJC_ARC = YES;
				CLANG_ENABLE_OBJC_WEAK = YES;
				CLANG_WARN_BLOCK_CAPTURE_AUTORELEASING = YES;
				CLANG_WARN_BOOL_CONVERSION = YES;
				CLANG_WARN_COMMA = YES;
				CLANG_WARN_CONSTANT_CONVERSION = YES;
				CLANG_WARN_DEPRECATED_OBJC_IMPLEMENTATIONS = YES;
				CLANG_WARN_DIRECT_OBJC_ISA_USAGE = YES_ERROR;
				CLANG_WARN_DOCUMENTATION_COMMENTS = YES;
				CLANG_WARN_EMPTY_BODY = YES;
				CLANG_WARN_ENUM_CONVERSION = YES;
				CLANG_WARN_INFINITE_RECURSION = YES;
				CLANG_WARN_INT_CONVERSION = YES;
				CLANG_WARN_NON_LITERAL_NULL_CONVERSION = YES;
				CLANG_WARN_OBJC_IMPLICIT_RETAIN_SELF = YES;
				CLANG_WARN_OBJC_LITERAL_CONVERSION = YES;
				CLANG_WARN_OBJC_ROOT_CLASS = YES_ERROR;
				CLANG_WARN_RANGE_LOOP_ANALYSIS = YES;
				CLANG_WARN_STRICT_PROTOTYPES = YES;
				CLANG_WARN_SUSPICIOUS_MOVE = YES;
				CLANG_WARN_UNGUARDED_AVAILABILITY = YES_AGGRESSIVE;
				CLANG_WARN_UNREACHABLE_CODE = YES;
				CLANG_WARN__DUPLICATE_METHOD_MATCH = YES;
				CODE_SIGN_IDENTITY = "iPhone Developer";
				COPY_PHASE_STRIP = NO;
				DEBUG_INFORMATION_FORMAT = dwarf;
				ENABLE_STRICT_OBJC_MSGSEND = YES;
				ENABLE_TESTABILITY = YES;
				GCC_C_LANGUAGE_STANDARD = gnu11;
				GCC_DYNAMIC_NO_PIC = NO;
				GCC_NO_COMMON_BLOCKS = YES;
				GCC_OPTIMIZATION_LEVEL = 0;
				GCC_PREPROCESSOR_DEFINITIONS = (
					"DEBUG=1",
					"$(inherited)",
				);
				GCC_WARN_64_TO_32_BIT_CONVERSION = YES;
				GCC_WARN_ABOUT_RETURN_TYPE = YES_ERROR;
				GCC_WARN_UNDECLARED_SELECTOR = YES;
				GCC_WARN_UNINITIALIZED_AUTOS = YES_AGGRESSIVE;
				GCC_WARN_UNUSED_FUNCTION = YES;
				GCC_WARN_UNUSED_VARIABLE = YES;
				IPHONEOS_DEPLOYMENT_TARGET = 12.0;
				MTL_ENABLE_DEBUG_INFO = INCLUDE_SOURCE;
				MTL_FAST_MATH = YES;
				ONLY_ACTIVE_ARCH = YES;
				SDKROOT = iphoneos;
				SWIFT_ACTIVE_COMPILATION_CONDITIONS = DEBUG;
				SWIFT_OPTIMIZATION_LEVEL = "-Onone";
			};
			name = Debug;
		};
		859B44B221B8F56E00D3FA7D /* Release */ = {
			isa = XCBuildConfiguration;
			buildSettings = {
				ALWAYS_SEARCH_USER_PATHS = NO;
				CLANG_ANALYZER_NONNULL = YES;
				CLANG_ANALYZER_NUMBER_OBJECT_CONVERSION = YES_AGGRESSIVE;
				CLANG_CXX_LANGUAGE_STANDARD = "gnu++14";
				CLANG_CXX_LIBRARY = "libc++";
				CLANG_ENABLE_MODULES = YES;
				CLANG_ENABLE_OBJC_ARC = YES;
				CLANG_ENABLE_OBJC_WEAK = YES;
				CLANG_WARN_BLOCK_CAPTURE_AUTORELEASING = YES;
				CLANG_WARN_BOOL_CONVERSION = YES;
				CLANG_WARN_COMMA = YES;
				CLANG_WARN_CONSTANT_CONVERSION = YES;
				CLANG_WARN_DEPRECATED_OBJC_IMPLEMENTATIONS = YES;
				CLANG_WARN_DIRECT_OBJC_ISA_USAGE = YES_ERROR;
				CLANG_WARN_DOCUMENTATION_COMMENTS = YES;
				CLANG_WARN_EMPTY_BODY = YES;
				CLANG_WARN_ENUM_CONVERSION = YES;
				CLANG_WARN_INFINITE_RECURSION = YES;
				CLANG_WARN_INT_CONVERSION = YES;
				CLANG_WARN_NON_LITERAL_NULL_CONVERSION = YES;
				CLANG_WARN_OBJC_IMPLICIT_RETAIN_SELF = YES;
				CLANG_WARN_OBJC_LITERAL_CONVERSION = YES;
				CLANG_WARN_OBJC_ROOT_CLASS = YES_ERROR;
				CLANG_WARN_RANGE_LOOP_ANALYSIS = YES;
				CLANG_WARN_STRICT_PROTOTYPES = YES;
				CLANG_WARN_SUSPICIOUS_MOVE = YES;
				CLANG_WARN_UNGUARDED_AVAILABILITY = YES_AGGRESSIVE;
				CLANG_WARN_UNREACHABLE_CODE = YES;
				CLANG_WARN__DUPLICATE_METHOD_MATCH = YES;
				CODE_SIGN_IDENTITY = "iPhone Developer";
				COPY_PHASE_STRIP = NO;
				DEBUG_INFORMATION_FORMAT = "dwarf-with-dsym";
				ENABLE_NS_ASSERTIONS = NO;
				ENABLE_STRICT_OBJC_MSGSEND = YES;
				GCC_C_LANGUAGE_STANDARD = gnu11;
				GCC_NO_COMMON_BLOCKS = YES;
				GCC_WARN_64_TO_32_BIT_CONVERSION = YES;
				GCC_WARN_ABOUT_RETURN_TYPE = YES_ERROR;
				GCC_WARN_UNDECLARED_SELECTOR = YES;
				GCC_WARN_UNINITIALIZED_AUTOS = YES_AGGRESSIVE;
				GCC_WARN_UNUSED_FUNCTION = YES;
				GCC_WARN_UNUSED_VARIABLE = YES;
				IPHONEOS_DEPLOYMENT_TARGET = 12.0;
				MTL_ENABLE_DEBUG_INFO = NO;
				MTL_FAST_MATH = YES;
				SDKROOT = iphoneos;
				SWIFT_COMPILATION_MODE = wholemodule;
				SWIFT_OPTIMIZATION_LEVEL = "-O";
				VALIDATE_PRODUCT = YES;
			};
			name = Release;
		};
		859B44B421B8F56E00D3FA7D /* Debug */ = {
			isa = XCBuildConfiguration;
			baseConfigurationReference = 1A6EEBA0795A16DF752A79F8 /* Pods-TestProject.debug.xcconfig */;
			buildSettings = {
				ASSETCATALOG_COMPILER_APPICON_NAME = AppIcon;
				CODE_SIGN_STYLE = Automatic;
				INFOPLIST_FILE = TestProject/Info.plist;
				LD_RUNPATH_SEARCH_PATHS = "$(inherited) @executable_path/Frameworks";
				PRODUCT_BUNDLE_IDENTIFIER = emqbitel.com.TestProject;
				PRODUCT_NAME = "$(TARGET_NAME)";
				SWIFT_VERSION = 4.2;
				TARGETED_DEVICE_FAMILY = "1,2";
			};
			name = Debug;
		};
		859B44B521B8F56E00D3FA7D /* Release */ = {
			isa = XCBuildConfiguration;
			baseConfigurationReference = E3BD88E6849593D1A58AC27B /* Pods-TestProject.release.xcconfig */;
			buildSettings = {
				ASSETCATALOG_COMPILER_APPICON_NAME = AppIcon;
				CODE_SIGN_STYLE = Automatic;
				INFOPLIST_FILE = TestProject/Info.plist;
				LD_RUNPATH_SEARCH_PATHS = "$(inherited) @executable_path/Frameworks";
				PRODUCT_BUNDLE_IDENTIFIER = emqbitel.com.TestProject;
				PRODUCT_NAME = "$(TARGET_NAME)";
				SWIFT_VERSION = 4.2;
				TARGETED_DEVICE_FAMILY = "1,2";
			};
			name = Release;
		};
		859B44B721B8F56E00D3FA7D /* Debug */ = {
			isa = XCBuildConfiguration;
			buildSettings = {
				ALWAYS_EMBED_SWIFT_STANDARD_LIBRARIES = YES;
				BUNDLE_LOADER = "$(TEST_HOST)";
				CODE_SIGN_STYLE = Automatic;
				INFOPLIST_FILE = TestProjectTests/Info.plist;
				LD_RUNPATH_SEARCH_PATHS = "$(inherited) @executable_path/Frameworks @loader_path/Frameworks";
				PRODUCT_BUNDLE_IDENTIFIER = emqbitel.com.TestProjectTests;
				PRODUCT_NAME = "$(TARGET_NAME)";
				SWIFT_VERSION = 4.2;
				TARGETED_DEVICE_FAMILY = "1,2";
				TEST_HOST = "$(BUILT_PRODUCTS_DIR)/TestProject.app/TestProject";
			};
			name = Debug;
		};
		859B44B821B8F56E00D3FA7D /* Release */ = {
			isa = XCBuildConfiguration;
			buildSettings = {
				ALWAYS_EMBED_SWIFT_STANDARD_LIBRARIES = YES;
				BUNDLE_LOADER = "$(TEST_HOST)";
				CODE_SIGN_STYLE = Automatic;
				INFOPLIST_FILE = TestProjectTests/Info.plist;
				LD_RUNPATH_SEARCH_PATHS = "$(inherited) @executable_path/Frameworks @loader_path/Frameworks";
				PRODUCT_BUNDLE_IDENTIFIER = emqbitel.com.TestProjectTests;
				PRODUCT_NAME = "$(TARGET_NAME)";
				SWIFT_VERSION = 4.2;
				TARGETED_DEVICE_FAMILY = "1,2";
				TEST_HOST = "$(BUILT_PRODUCTS_DIR)/TestProject.app/TestProject";
			};
			name = Release;
		};
		859B44BA21B8F56E00D3FA7D /* Debug */ = {
			isa = XCBuildConfiguration;
			buildSettings = {
				ALWAYS_EMBED_SWIFT_STANDARD_LIBRARIES = YES;
				CODE_SIGN_STYLE = Automatic;
				INFOPLIST_FILE = TestProjectUITests/Info.plist;
				LD_RUNPATH_SEARCH_PATHS = "$(inherited) @executable_path/Frameworks @loader_path/Frameworks";
				PRODUCT_BUNDLE_IDENTIFIER = emqbitel.com.TestProjectUITests;
				PRODUCT_NAME = "$(TARGET_NAME)";
				SWIFT_VERSION = 4.2;
				TARGETED_DEVICE_FAMILY = "1,2";
				TEST_TARGET_NAME = TestProject;
			};
			name = Debug;
		};
		859B44BB21B8F56E00D3FA7D /* Release */ = {
			isa = XCBuildConfiguration;
			buildSettings = {
				ALWAYS_EMBED_SWIFT_STANDARD_LIBRARIES = YES;
				CODE_SIGN_STYLE = Automatic;
				INFOPLIST_FILE = TestProjectUITests/Info.plist;
				LD_RUNPATH_SEARCH_PATHS = "$(inherited) @executable_path/Frameworks @loader_path/Frameworks";
				PRODUCT_BUNDLE_IDENTIFIER = emqbitel.com.TestProjectUITests;
				PRODUCT_NAME = "$(TARGET_NAME)";
				SWIFT_VERSION = 4.2;
				TARGETED_DEVICE_FAMILY = "1,2";
				TEST_TARGET_NAME = TestProject;
			};
			name = Release;
		};
/* End XCBuildConfiguration section */

/* Begin XCConfigurationList section */
		859B448621B8F56800D3FA7D /* Build configuration list for PBXProject "TestProject" */ = {
			isa = XCConfigurationList;
			buildConfigurations = (
				859B44B121B8F56E00D3FA7D /* Debug */,
				859B44B221B8F56E00D3FA7D /* Release */,
			);
			defaultConfigurationIsVisible = 0;
			defaultConfigurationName = Release;
		};
		859B44B321B8F56E00D3FA7D /* Build configuration list for PBXNativeTarget "TestProject" */ = {
			isa = XCConfigurationList;
			buildConfigurations = (
				859B44B421B8F56E00D3FA7D /* Debug */,
				859B44B521B8F56E00D3FA7D /* Release */,
			);
			defaultConfigurationIsVisible = 0;
			defaultConfigurationName = Release;
		};
		859B44B621B8F56E00D3FA7D /* Build configuration list for PBXNativeTarget "TestProjectTests" */ = {
			isa = XCConfigurationList;
			buildConfigurations = (
				859B44B721B8F56E00D3FA7D /* Debug */,
				859B44B821B8F56E00D3FA7D /* Release */,
			);
			defaultConfigurationIsVisible = 0;
			defaultConfigurationName = Release;
		};
		859B44B921B8F56E00D3FA7D /* Build configuration list for PBXNativeTarget "TestProjectUITests" */ = {
			isa = XCConfigurationList;
			buildConfigurations = (
				859B44BA21B8F56E00D3FA7D /* Debug */,
				859B44BB21B8F56E00D3FA7D /* Release */,
			);
			defaultConfigurationIsVisible = 0;
			defaultConfigurationName = Release;
		};
/* End XCConfigurationList section */
	};
	rootObject = 859B448321B8F56800D3FA7D /* Project object */;
}
